{
  "name": "@rhetorica-css/rehype-sidenotes",
  "version": "0.1.0",
  "lockfileVersion": 3,
  "requires": true,
  "packages": {
    "": {
      "name": "@rhetorica-css/rehype-sidenotes",
      "version": "0.1.0",
      "license": "MIT",
      "dependencies": {
        "unist-builder": "^4.0.0"
      }
    },
    "node_modules/@types/unist": {
      "version": "3.0.0",
      "resolved": "https://registry.npmjs.org/@types/unist/-/unist-3.0.0.tgz",
      "integrity": "sha512-MFETx3tbTjE7Uk6vvnWINA/1iJ7LuMdO4fcq8UfF0pRbj01aGLduVvQcRyswuACJdpnHgg8E3rQLhaRdNEJS0w=="
    },
    "node_modules/unist-builder": {
      "version": "4.0.0",
      "resolved": "https://registry.npmjs.org/unist-builder/-/unist-builder-4.0.0.tgz",
      "integrity": "sha512-wmRFnH+BLpZnTKpc5L7O67Kac89s9HMrtELpnNaE6TAobq5DTZZs5YaTQfAZBA9bFPECx2uVAPO31c+GVug8mg==",
      "dependencies": {
        "@types/unist": "^3.0.0"
      },
      "funding": {
        "type": "opencollective",
        "url": "https://opencollective.com/unified"
      }
    }
  }
}
